// !$*UTF8*$!
{
	archiveVersion = 1;
	classes = {
	};
	objectVersion = 50;
	objects = {

/* Begin PBXBuildFile section */
		C59CBDAB24DD2DB50050CE94 /* AppDelegate.m in Sources */ = {isa = PBXBuildFile; fileRef = C59CBDAA24DD2DB50050CE94 /* AppDelegate.m */; };
		C59CBDAE24DD2DB50050CE94 /* SceneDelegate.m in Sources */ = {isa = PBXBuildFile; fileRef = C59CBDAD24DD2DB50050CE94 /* SceneDelegate.m */; };
		C59CBDB124DD2DB50050CE94 /* ViewController.m in Sources */ = {isa = PBXBuildFile; fileRef = C59CBDB024DD2DB50050CE94 /* ViewController.m */; };
		C59CBDB424DD2DB50050CE94 /* Main.storyboard in Resources */ = {isa = PBXBuildFile; fileRef = C59CBDB224DD2DB50050CE94 /* Main.storyboard */; };
		C59CBDB624DD2DB50050CE94 /* Assets.xcassets in Resources */ = {isa = PBXBuildFile; fileRef = C59CBDB524DD2DB50050CE94 /* Assets.xcassets */; };
		C59CBDB924DD2DB50050CE94 /* LaunchScreen.storyboard in Resources */ = {isa = PBXBuildFile; fileRef = C59CBDB724DD2DB50050CE94 /* LaunchScreen.storyboard */; };
		C59CBDBC24DD2DB50050CE94 /* main.m in Sources */ = {isa = PBXBuildFile; fileRef = C59CBDBB24DD2DB50050CE94 /* main.m */; };
/* End PBXBuildFile section */

/* Begin PBXFileReference section */
		C59CBDA624DD2DB50050CE94 /* ZJOCDemoPlus.app */ = {isa = PBXFileReference; explicitFileType = wrapper.application; includeInIndex = 0; path = ZJOCDemoPlus.app; sourceTree = BUILT_PRODUCTS_DIR; };
		C59CBDA924DD2DB50050CE94 /* AppDelegate.h */ = {isa = PBXFileReference; lastKnownFileType = sourcecode.c.h; path = AppDelegate.h; sourceTree = "<group>"; };
		C59CBDAA24DD2DB50050CE94 /* AppDelegate.m */ = {isa = PBXFileReference; lastKnownFileType = sourcecode.c.objc; path = AppDelegate.m; sourceTree = "<group>"; };
		C59CBDAC24DD2DB50050CE94 /* SceneDelegate.h */ = {isa = PBXFileReference; lastKnownFileType = sourcecode.c.h; path = SceneDelegate.h; sourceTree = "<group>"; };
		C59CBDAD24DD2DB50050CE94 /* SceneDelegate.m */ = {isa = PBXFileReference; lastKnownFileType = sourcecode.c.objc; path = SceneDelegate.m; sourceTree = "<group>"; };
		C59CBDAF24DD2DB50050CE94 /* ViewController.h */ = {isa = PBXFileReference; lastKnownFileType = sourcecode.c.h; path = ViewController.h; sourceTree = "<group>"; };
		C59CBDB024DD2DB50050CE94 /* ViewController.m */ = {isa = PBXFileReference; lastKnownFileType = sourcecode.c.objc; path = ViewController.m; sourceTree = "<group>"; };
		C59CBDB324DD2DB50050CE94 /* Base */ = {isa = PBXFileReference; lastKnownFileType = file.storyboard; name = Base; path = Base.lproj/Main.storyboard; sourceTree = "<group>"; };
		C59CBDB524DD2DB50050CE94 /* Assets.xcassets */ = {isa = PBXFileReference; lastKnownFileType = folder.assetcatalog; path = Assets.xcassets; sourceTree = "<group>"; };
		C59CBDB824DD2DB50050CE94 /* Base */ = {isa = PBXFileReference; lastKnownFileType = file.storyboard; name = Base; path = Base.lproj/LaunchScreen.storyboard; sourceTree = "<group>"; };
		C59CBDBA24DD2DB50050CE94 /* Info.plist */ = {isa = PBXFileReference; lastKnownFileType = text.plist.xml; path = Info.plist; sourceTree = "<group>"; };
		C59CBDBB24DD2DB50050CE94 /* main.m */ = {isa = PBXFileReference; lastKnownFileType = sourcecode.c.objc; path = main.m; sourceTree = "<group>"; };
/* End PBXFileReference section */

/* Begin PBXFrameworksBuildPhase section */
		C59CBDA324DD2DB50050CE94 /* Frameworks */ = {
			isa = PBXFrameworksBuildPhase;
			buildActionMask = 2147483647;
			files = (
			);
			runOnlyForDeploymentPostprocessing = 0;
		};
/* End PBXFrameworksBuildPhase section */

/* Begin PBXGroup section */
		C59CBD9D24DD2DB50050CE94 = {
			isa = PBXGroup;
			children = (
				C59CBDA824DD2DB50050CE94 /* ZJOCDemoPlus */,
				C59CBDA724DD2DB50050CE94 /* Products */,
			);
			sourceTree = "<group>";
		};
		C59CBDA724DD2DB50050CE94 /* Products */ = {
			isa = PBXGroup;
			children = (
				C59CBDA624DD2DB50050CE94 /* ZJOCDemoPlus.app */,
			);
			name = Products;
			sourceTree = "<group>";
		};
		C59CBDA824DD2DB50050CE94 /* ZJOCDemoPlus */ = {
			isa = PBXGroup;
			children = (
				C59CBDA924DD2DB50050CE94 /* AppDelegate.h */,
				C59CBDAA24DD2DB50050CE94 /* AppDelegate.m */,
				C59CBDAC24DD2DB50050CE94 /* SceneDelegate.h */,
				C59CBDAD24DD2DB50050CE94 /* SceneDelegate.m */,
				C59CBDAF24DD2DB50050CE94 /* ViewController.h */,
				C59CBDB024DD2DB50050CE94 /* ViewController.m */,
				C59CBDB224DD2DB50050CE94 /* Main.storyboard */,
				C59CBDB524DD2DB50050CE94 /* Assets.xcassets */,
				C59CBDB724DD2DB50050CE94 /* LaunchScreen.storyboard */,
				C59CBDBA24DD2DB50050CE94 /* Info.plist */,
				C59CBDBB24DD2DB50050CE94 /* main.m */,
			);
			path = ZJOCDemoPlus;
			sourceTree = "<group>";
		};
/* End PBXGroup section */

/* Begin PBXNativeTarget section */
		C59CBDA524DD2DB50050CE94 /* ZJOCDemoPlus */ = {
			isa = PBXNativeTarget;
			buildConfigurationList = C59CBDBF24DD2DB50050CE94 /* Build configuration list for PBXNativeTarget "ZJOCDemoPlus" */;
			buildPhases = (
				C59CBDA224DD2DB50050CE94 /* Sources */,
				C59CBDA324DD2DB50050CE94 /* Frameworks */,
				C59CBDA424DD2DB50050CE94 /* Resources */,
			);
			buildRules = (
			);
			dependencies = (
			);
			name = ZJOCDemoPlus;
			productName = ZJOCDemoPlus;
			productReference = C59CBDA624DD2DB50050CE94 /* ZJOCDemoPlus.app */;
			productType = "com.apple.product-type.application";
		};
/* End PBXNativeTarget section */

/* Begin PBXProject section */
		C59CBD9E24DD2DB50050CE94 /* Project object */ = {
			isa = PBXProject;
			attributes = {
				LastUpgradeCheck = 1140;
				ORGANIZATIONNAME = widerness;
				TargetAttributes = {
					C59CBDA524DD2DB50050CE94 = {
						CreatedOnToolsVersion = 11.4;
					};
				};
			};
			buildConfigurationList = C59CBDA124DD2DB50050CE94 /* Build configuration list for PBXProject "ZJOCDemoPlus" */;
			compatibilityVersion = "Xcode 9.3";
			developmentRegion = en;
			hasScannedForEncodings = 0;
			knownRegions = (
				en,
				Base,
			);
			mainGroup = C59CBD9D24DD2DB50050CE94;
			productRefGroup = C59CBDA724DD2DB50050CE94 /* Products */;
			projectDirPath = "";
			projectRoot = "";
			targets = (
				C59CBDA524DD2DB50050CE94 /* ZJOCDemoPlus */,
			);
		};
/* End PBXProject section */

/* Begin PBXResourcesBuildPhase section */
		C59CBDA424DD2DB50050CE94 /* Resources */ = {
			isa = PBXResourcesBuildPhase;
			buildActionMask = 2147483647;
			files = (
				C59CBDB924DD2DB50050CE94 /* LaunchScreen.storyboard in Resources */,
				C59CBDB624DD2DB50050CE94 /* Assets.xcassets in Resources */,
				C59CBDB424DD2DB50050CE94 /* Main.storyboard in Resources */,
			);
			runOnlyForDeploymentPostprocessing = 0;
		};
/* End PBXResourcesBuildPhase section */

/* Begin PBXSourcesBuildPhase section */
		C59CBDA224DD2DB50050CE94 /* Sources */ = {
			isa = PBXSourcesBuildPhase;
			buildActionMask = 2147483647;
			files = (
				C59CBDB124DD2DB50050CE94 /* ViewController.m in Sources */,
				C59CBDAB24DD2DB50050CE94 /* AppDelegate.m in Sources */,
				C59CBDBC24DD2DB50050CE94 /* main.m in Sources */,
				C59CBDAE24DD2DB50050CE94 /* SceneDelegate.m in Sources */,
			);
			runOnlyForDeploymentPostprocessing = 0;
		};
/* End PBXSourcesBuildPhase section */

/* Begin PBXVariantGroup section */
		C59CBDB224DD2DB50050CE94 /* Main.storyboard */ = {
			isa = PBXVariantGroup;
			children = (
				C59CBDB324DD2DB50050CE94 /* Base */,
			);
			name = Main.storyboard;
			sourceTree = "<group>";
		};
		C59CBDB724DD2DB50050CE94 /* LaunchScreen.storyboard */ = {
			isa = PBXVariantGroup;
			children = (
				C59CBDB824DD2DB50050CE94 /* Base */,
			);
			name = LaunchScreen.storyboard;
			sourceTree = "<group>";
		};
/* End PBXVariantGroup section */

/* Begin XCBuildConfiguration section */
		C59CBDBD24DD2DB50050CE94 /* Debug */ = {
			isa = XCBuildConfiguration;
			buildSettings = {
				ALWAYS_SEARCH_USER_PATHS = NO;
				CLANG_ANALYZER_NONNULL = YES;
				CLANG_ANALYZER_NUMBER_OBJECT_CONVERSION = YES_AGGRESSIVE;
				CLANG_CXX_LANGUAGE_STANDARD = "gnu++14";
				CLANG_CXX_LIBRARY = "libc++";
				CLANG_ENABLE_MODULES = YES;
				CLANG_ENABLE_OBJC_ARC = YES;
				CLANG_ENABLE_OBJC_WEAK = YES;
				CLANG_WARN_BLOCK_CAPTURE_AUTORELEASING = YES;
				CLANG_WARN_BOOL_CONVERSION = YES;
				CLANG_WARN_COMMA = YES;
				CLANG_WARN_CONSTANT_CONVERSION = YES;
				CLANG_WARN_DEPRECATED_OBJC_IMPLEMENTATIONS = YES;
				CLANG_WARN_DIRECT_OBJC_ISA_USAGE = YES_ERROR;
				CLANG_WARN_DOCUMENTATION_COMMENTS = YES;
				CLANG_WARN_EMPTY_BODY = YES;
				CLANG_WARN_ENUM_CONVERSION = YES;
				CLANG_WARN_INFINITE_RECURSION = YES;
				CLANG_WARN_INT_CONVERSION = YES;
				CLANG_WARN_NON_LITERAL_NULL_CONVERSION = YES;
				CLANG_WARN_OBJC_IMPLICIT_RETAIN_SELF = YES;
				CLANG_WARN_OBJC_LITERAL_CONVERSION = YES;
				CLANG_WARN_OBJC_ROOT_CLASS = YES_ERROR;
				CLANG_WARN_RANGE_LOOP_ANALYSIS = YES;
				CLANG_WARN_STRICT_PROTOTYPES = YES;
				CLANG_WARN_SUSPICIOUS_MOVE = YES;
				CLANG_WARN_UNGUARDED_AVAILABILITY = YES_AGGRESSIVE;
				CLANG_WARN_UNREACHABLE_CODE = YES;
				CLANG_WARN__DUPLICATE_METHOD_MATCH = YES;
				COPY_PHASE_STRIP = NO;
				DEBUG_INFORMATION_FORMAT = dwarf;
				ENABLE_STRICT_OBJC_MSGSEND = YES;
				ENABLE_TESTABILITY = YES;
				GCC_C_LANGUAGE_STANDARD = gnu11;
				GCC_DYNAMIC_NO_PIC = NO;
				GCC_NO_COMMON_BLOCKS = YES;
				GCC_OPTIMIZATION_LEVEL = 0;
				GCC_PREPROCESSOR_DEFINITIONS = (
					"DEBUG=1",
					"$(inherited)",
				);
				GCC_WARN_64_TO_32_BIT_CONVERSION = YES;
				GCC_WARN_ABOUT_RETURN_TYPE = YES_ERROR;
				GCC_WARN_UNDECLARED_SELECTOR = YES;
				GCC_WARN_UNINITIALIZED_AUTOS = YES_AGGRESSIVE;
				GCC_WARN_UNUSED_FUNCTION = YES;
				GCC_WARN_UNUSED_VARIABLE = YES;
				IPHONEOS_DEPLOYMENT_TARGET = 13.4;
				MTL_ENABLE_DEBUG_INFO = INCLUDE_SOURCE;
				MTL_FAST_MATH = YES;
				ONLY_ACTIVE_ARCH = YES;
				SDKROOT = iphoneos;
			};
			name = Debug;
		};
		C59CBDBE24DD2DB50050CE94 /* Release */ = {
			isa = XCBuildConfiguration;
			buildSettings = {
				ALWAYS_SEARCH_USER_PATHS = NO;
				CLANG_ANALYZER_NONNULL = YES;
				CLANG_ANALYZER_NUMBER_OBJECT_CONVERSION = YES_AGGRESSIVE;
				CLANG_CXX_LANGUAGE_STANDARD = "gnu++14";
				CLANG_CXX_LIBRARY = "libc++";
				CLANG_ENABLE_MODULES = YES;
				CLANG_ENABLE_OBJC_ARC = YES;
				CLANG_ENABLE_OBJC_WEAK = YES;
				CLANG_WARN_BLOCK_CAPTURE_AUTORELEASING = YES;
				CLANG_WARN_BOOL_CONVERSION = YES;
				CLANG_WARN_COMMA = YES;
				CLANG_WARN_CONSTANT_CONVERSION = YES;
				CLANG_WARN_DEPRECATED_OBJC_IMPLEMENTATIONS = YES;
				CLANG_WARN_DIRECT_OBJC_ISA_USAGE = YES_ERROR;
				CLANG_WARN_DOCUMENTATION_COMMENTS = YES;
				CLANG_WARN_EMPTY_BODY = YES;
				CLANG_WARN_ENUM_CONVERSION = YES;
				CLANG_WARN_INFINITE_RECURSION = YES;
				CLANG_WARN_INT_CONVERSION = YES;
				CLANG_WARN_NON_LITERAL_NULL_CONVERSION = YES;
				CLANG_WARN_OBJC_IMPLICIT_RETAIN_SELF = YES;
				CLANG_WARN_OBJC_LITERAL_CONVERSION = YES;
				CLANG_WARN_OBJC_ROOT_CLASS = YES_ERROR;
				CLANG_WARN_RANGE_LOOP_ANALYSIS = YES;
				CLANG_WARN_STRICT_PROTOTYPES = YES;
				CLANG_WARN_SUSPICIOUS_MOVE = YES;
				CLANG_WARN_UNGUARDED_AVAILABILITY = YES_AGGRESSIVE;
				CLANG_WARN_UNREACHABLE_CODE = YES;
				CLANG_WARN__DUPLICATE_METHOD_MATCH = YES;
				COPY_PHASE_STRIP = NO;
				DEBUG_INFORMATION_FORMAT = "dwarf-with-dsym";
				ENABLE_NS_ASSERTIONS = NO;
				ENABLE_STRICT_OBJC_MSGSEND = YES;
				GCC_C_LANGUAGE_STANDARD = gnu11;
				GCC_NO_COMMON_BLOCKS = YES;
				GCC_WARN_64_TO_32_BIT_CONVERSION = YES;
				GCC_WARN_ABOUT_RETURN_TYPE = YES_ERROR;
				GCC_WARN_UNDECLARED_SELECTOR = YES;
				GCC_WARN_UNINITIALIZED_AUTOS = YES_AGGRESSIVE;
				GCC_WARN_UNUSED_FUNCTION = YES;
				GCC_WARN_UNUSED_VARIABLE = YES;
				IPHONEOS_DEPLOYMENT_TARGET = 13.4;
				MTL_ENABLE_DEBUG_INFO = NO;
				MTL_FAST_MATH = YES;
				SDKROOT = iphoneos;
				VALIDATE_PRODUCT = YES;
			};
			name = Release;
		};
		C59CBDC024DD2DB50050CE94 /* Debug */ = {
			isa = XCBuildConfiguration;
			buildSettings = {
				ASSETCATALOG_COMPILER_APPICON_NAME = AppIcon;
				CODE_SIGN_STYLE = Automatic;
				DEVELOPMENT_TEAM = 35YLJ32MBS;
				INFOPLIST_FILE = ZJOCDemoPlus/Info.plist;
				LD_RUNPATH_SEARCH_PATHS = (
					"$(inherited)",
					"@executable_path/Frameworks",
				);
				PRODUCT_BUNDLE_IDENTIFIER = cn.wilderness.ZJOCDemoPlus;
				PRODUCT_NAME = "$(TARGET_NAME)";
				TARGETED_DEVICE_FAMILY = "1,2";
			};
			name = Debug;
		};
		C59CBDC124DD2DB50050CE94 /* Release */ = {
			isa = XCBuildConfiguration;
			buildSettings = {
				ASSETCATALOG_COMPILER_APPICON_NAME = AppIcon;
				CODE_SIGN_STYLE = Automatic;
				DEVELOPMENT_TEAM = 35YLJ32MBS;
				INFOPLIST_FILE = ZJOCDemoPlus/Info.plist;
				LD_RUNPATH_SEARCH_PATHS = (
					"$(inherited)",
					"@executable_path/Frameworks",
				);
				PRODUCT_BUNDLE_IDENTIFIER = cn.wilderness.ZJOCDemoPlus;
				PRODUCT_NAME = "$(TARGET_NAME)";
				TARGETED_DEVICE_FAMILY = "1,2";
			};
			name = Release;
		};
/* End XCBuildConfiguration section */

/* Begin XCConfigurationList section */
		C59CBDA124DD2DB50050CE94 /* Build configuration list for PBXProject "ZJOCDemoPlus" */ = {
			isa = XCConfigurationList;
			buildConfigurations = (
				C59CBDBD24DD2DB50050CE94 /* Debug */,
				C59CBDBE24DD2DB50050CE94 /* Release */,
			);
			defaultConfigurationIsVisible = 0;
			defaultConfigurationName = Release;
		};
		C59CBDBF24DD2DB50050CE94 /* Build configuration list for PBXNativeTarget "ZJOCDemoPlus" */ = {
			isa = XCConfigurationList;
			buildConfigurations = (
				C59CBDC024DD2DB50050CE94 /* Debug */,
				C59CBDC124DD2DB50050CE94 /* Release */,
			);
			defaultConfigurationIsVisible = 0;
			defaultConfigurationName = Release;
		};
/* End XCConfigurationList section */
	};
	rootObject = C59CBD9E24DD2DB50050CE94 /* Project object */;
}
